# This file was autogenerated by Stack.
# You should not edit this file by hand.
# For more information, please see the documentation at:
#   https://docs.haskellstack.org/en/stable/lock_files

packages:
- completed:
    commit: d4f76d1f7f25d4ffff974a7c13483b79f87aa409
    git: https://github.com/stepa1000/coandkleisli.git
    name: coandkleisli
    pantry-tree:
      sha256: cd0abaeeea3bda85b7e7d97724d01945e02b271eb7c1906ae41d314dcd2b3623
      size: 580
    version: 0.1.0.0
  original:
    commit: d4f76d1f7f25d4ffff974a7c13483b79f87aa409
    git: https://github.com/stepa1000/coandkleisli.git
- completed:
    commit: d47c29187e5f0c616b992f296e83d0f3253832d3
    git: https://github.com/stepa1000/free-profunctor.git
    name: free-profunctor
    pantry-tree:
      sha256: 4518bd2b8f419159b2584360ddbb117da71451cef7c20ea141372c7bd14b36fe
      size: 730
    version: 0.1.0.0
  original:
    commit: d47c29187e5f0c616b992f296e83d0f3253832d3
    git: https://github.com/stepa1000/free-profunctor.git
- completed:
    hackage: bpann-0.1.1@sha256:f3245a48d2a67f7e6551559ecc216f841db4887311392e60f53c07a0eeab3365,738
    pantry-tree:
      sha256: 2b0f6446394f669f6ab30725358f2ea7f28f919955005bdde74bd46adca68f75
      size: 204
  original:
    hackage: bpann-0.1.1
snapshots:
- completed:
    sha256: 7b975b104cb3dbf0c297dfd01f936a4d2ee523241dd0b1ae960522b833fe3027
    size: 714096
    url: https://raw.githubusercontent.com/commercialhaskell/stackage-snapshots/master/lts/22/7.yaml
  original: lts-22.7
